{
  "name": "@litert/observable",
  "version": "0.2.0",
  "lockfileVersion": 1,
  "requires": true,
  "dependencies": {
    "@litert/core": {
      "version": "1.0.7",
      "resolved": "https://registry.npmjs.org/@litert/core/-/core-1.0.7.tgz",
      "integrity": "sha512-5UFhy/LvKnf2MSAvFxgZi/r+G1Y/OKZ4BH57Wy4YedAdUn7MInwbOkYHVQQw2HvLl7j3wPWynBSQKPEprM3R1Q=="
    },
    "typescript": {
      "version": "3.7.4",
      "resolved": "https://registry.npmjs.org/typescript/-/typescript-3.7.4.tgz",
      "integrity": "sha512-A25xv5XCtarLwXpcDNZzCGvW2D1S3/bACratYBx2sax8PefsFhlYmkQicKHvpYflFS8if4zne5zT5kpJ7pzuvw==",
      "dev": true
    }
  }
}
